
Microsoft Visual Studio Solution File, Format Version 12.00
Project("{FAE04EC0-301F-11D3-BF4B-00C04F79EFBC}") = "PhotoUploader.UserInterface", "PhotoUploader.UserInterface\PhotoUploader.UserInterface.csproj", "{430CFEDD-5935-4480-B49D-9297CB3D6A68}"
EndProject
Global
	GlobalSection(SolutionConfigurationPlatforms) = preSolution
		Debug|Any CPU = Debug|Any CPU
		Release|Any CPU = Release|Any CPU
	EndGlobalSection
	GlobalSection(ProjectConfigurationPlatforms) = postSolution
		{430CFEDD-5935-4480-B49D-9297CB3D6A68}.Debug|Any CPU.ActiveCfg = Debug|Any CPU
		{430CFEDD-5935-4480-B49D-9297CB3D6A68}.Debug|Any CPU.Build.0 = Debug|Any CPU
		{430CFEDD-5935-4480-B49D-9297CB3D6A68}.Release|Any CPU.ActiveCfg = Release|Any CPU
		{430CFEDD-5935-4480-B49D-9297CB3D6A68}.Release|Any CPU.Build.0 = Release|Any CPU
	EndGlobalSection
EndGlobal
